// !$*UTF8*$!
{
	archiveVersion = 1;
	classes = {
	};
	objectVersion = 56;
	objects = {

/* Begin PBXBuildFile section */
		70D2015C0EED94459CA6F7B1 /* Pods_AgareeGames_dis.framework in Frameworks */ = {isa = PBXBuildFile; fileRef = 9A77BD266F112D23180BE074 /* Pods_AgareeGames_dis.framework */; };
		7A5A82D9266CC6826E86D154 /* Pods_AgareeGames_dev.framework in Frameworks */ = {isa = PBXBuildFile; fileRef = EB66B56DDDC736785D25E32F /* Pods_AgareeGames_dev.framework */; };
		7E04C8E52A03342300357A0F /* PreGameController.swift in Sources */ = {isa = PBXBuildFile; fileRef = 7E04C8E42A03342300357A0F /* PreGameController.swift */; };
		7E04C8E72A033C4800357A0F /* PreGameView.swift in Sources */ = {isa = PBXBuildFile; fileRef = 7E04C8E62A033C4800357A0F /* PreGameView.swift */; };
		7E04C8EA2A0342C800357A0F /* GameController.swift in Sources */ = {isa = PBXBuildFile; fileRef = 7E04C8E92A0342C800357A0F /* GameController.swift */; };
		7E04C8EC2A0342FE00357A0F /* BaseNavigationController.swift in Sources */ = {isa = PBXBuildFile; fileRef = 7E04C8EB2A0342FE00357A0F /* BaseNavigationController.swift */; };
		7E0A83812A01F8A30031B3E3 /* Extension.swift in Sources */ = {isa = PBXBuildFile; fileRef = 7E0A83802A01F8A30031B3E3 /* Extension.swift */; };
		7E11DBDE2AA6D44F007F4A29 /* Coordinator.swift in Sources */ = {isa = PBXBuildFile; fileRef = C10362432AA6164400FC65CF /* Coordinator.swift */; };
		7E125E7D2A00FF9D0044D881 /* MainView.swift in Sources */ = {isa = PBXBuildFile; fileRef = 7E125E7C2A00FF9D0044D881 /* MainView.swift */; };
		7E159D3529F89FD900C7E601 /* Global.swift in Sources */ = {isa = PBXBuildFile; fileRef = 7E159D3429F89FD900C7E601 /* Global.swift */; };
		7E159D3829F8A01900C7E601 /* GuessWhoController.swift in Sources */ = {isa = PBXBuildFile; fileRef = 7E159D3729F8A01900C7E601 /* GuessWhoController.swift */; };
		7E159D3C29F8A0E400C7E601 /* GuessWhoViewModel.swift in Sources */ = {isa = PBXBuildFile; fileRef = 7E159D3B29F8A0E400C7E601 /* GuessWhoViewModel.swift */; };
		7E17BBAA2A5D062E00D94230 /* AuthManager.swift in Sources */ = {isa = PBXBuildFile; fileRef = 7E17BBA92A5D062E00D94230 /* AuthManager.swift */; };
		7E1837712AC277F9004B506D /* Scene.swift in Sources */ = {isa = PBXBuildFile; fileRef = 7E1837702AC277F9004B506D /* Scene.swift */; };
		7E1837722AC277F9004B506D /* Scene.swift in Sources */ = {isa = PBXBuildFile; fileRef = 7E1837702AC277F9004B506D /* Scene.swift */; };
		7E20755B29F9FBE4000BFE61 /* GuessWhoView.swift in Sources */ = {isa = PBXBuildFile; fileRef = 7E20755A29F9FBE4000BFE61 /* GuessWhoView.swift */; };
		7E20755D29F9FBF8000BFE61 /* IntroView.swift in Sources */ = {isa = PBXBuildFile; fileRef = 7E20755C29F9FBF8000BFE61 /* IntroView.swift */; };
		7E246FA72A1DB7A80068CF9E /* Error.swift in Sources */ = {isa = PBXBuildFile; fileRef = 7E246FA62A1DB7A80068CF9E /* Error.swift */; };
		7E3544AB2A13160E00B844E6 /* BaseView.swift in Sources */ = {isa = PBXBuildFile; fileRef = 7E3544AA2A13160E00B844E6 /* BaseView.swift */; };
		7E49954F2A0CAFD5006D95AC /* GuessWhoHTPV.swift in Sources */ = {isa = PBXBuildFile; fileRef = 7E49954E2A0CAFD5006D95AC /* GuessWhoHTPV.swift */; };
		7E4E1A5C2ACF884900AEBEE2 /* GameNavigationController.swift in Sources */ = {isa = PBXBuildFile; fileRef = 7E4E1A5B2ACF884900AEBEE2 /* GameNavigationController.swift */; };
		7E4E1A5D2ACF884900AEBEE2 /* GameNavigationController.swift in Sources */ = {isa = PBXBuildFile; fileRef = 7E4E1A5B2ACF884900AEBEE2 /* GameNavigationController.swift */; };
		7E60DD702A307A6600A511E2 /* AgareeDelegate.swift in Sources */ = {isa = PBXBuildFile; fileRef = 7E60DD6F2A307A6600A511E2 /* AgareeDelegate.swift */; };
		7E6A36FF2A89B77900B7F0BC /* Networkable.swift in Sources */ = {isa = PBXBuildFile; fileRef = C196837C2A88F6FB0098774F /* Networkable.swift */; };
		7E6A37002A89B77C00B7F0BC /* GameKinds.swift in Sources */ = {isa = PBXBuildFile; fileRef = C19683782A88F63C0098774F /* GameKinds.swift */; };
		7E6A37022A89C8E000B7F0BC /* PregameModel.swift in Sources */ = {isa = PBXBuildFile; fileRef = C196837A2A88F6A60098774F /* PregameModel.swift */; };
		7E6BAC492B0599C900D04118 /* TimerManager.swift in Sources */ = {isa = PBXBuildFile; fileRef = 7E6BAC482B0599C900D04118 /* TimerManager.swift */; };
		7E6BAC4A2B0599C900D04118 /* TimerManager.swift in Sources */ = {isa = PBXBuildFile; fileRef = 7E6BAC482B0599C900D04118 /* TimerManager.swift */; };
		7E7201752AFC6D7B00CF901D /* PreNavigationController.swift in Sources */ = {isa = PBXBuildFile; fileRef = 7E7201742AFC6D7B00CF901D /* PreNavigationController.swift */; };
		7E7201762AFC6D7B00CF901D /* PreNavigationController.swift in Sources */ = {isa = PBXBuildFile; fileRef = 7E7201742AFC6D7B00CF901D /* PreNavigationController.swift */; };
		7EE84D712B1D6B5000BA7E5C /* UILabel+Custom.swift in Sources */ = {isa = PBXBuildFile; fileRef = 7EE84D702B1D6B5000BA7E5C /* UILabel+Custom.swift */; };
		7EE84D722B1D6B5000BA7E5C /* UILabel+Custom.swift in Sources */ = {isa = PBXBuildFile; fileRef = 7EE84D702B1D6B5000BA7E5C /* UILabel+Custom.swift */; };
		C1013D5D2B1317A400AFE789 /* Playable.swift in Sources */ = {isa = PBXBuildFile; fileRef = C1013D5C2B1317A400AFE789 /* Playable.swift */; };
		C1013D5E2B1317D500AFE789 /* Playable.swift in Sources */ = {isa = PBXBuildFile; fileRef = C1013D5C2B1317A400AFE789 /* Playable.swift */; };
		C10362442AA6164400FC65CF /* Coordinator.swift in Sources */ = {isa = PBXBuildFile; fileRef = C10362432AA6164400FC65CF /* Coordinator.swift */; };
		C108918F2A8739A30014A0EE /* ViewModelBindableType.swift in Sources */ = {isa = PBXBuildFile; fileRef = C108918E2A8739A30014A0EE /* ViewModelBindableType.swift */; };
		C10891902A8739A30014A0EE /* ViewModelBindableType.swift in Sources */ = {isa = PBXBuildFile; fileRef = C108918E2A8739A30014A0EE /* ViewModelBindableType.swift */; };
		C10891922A8754750014A0EE /* PregameViewModel.swift in Sources */ = {isa = PBXBuildFile; fileRef = C10891912A8754750014A0EE /* PregameViewModel.swift */; };
		C10891932A8754750014A0EE /* PregameViewModel.swift in Sources */ = {isa = PBXBuildFile; fileRef = C10891912A8754750014A0EE /* PregameViewModel.swift */; };
		C119CBC729F8033300648638 /* BaseController.swift in Sources */ = {isa = PBXBuildFile; fileRef = C119CBC629F8033300648638 /* BaseController.swift */; };
		C119CBC929F804FE00648638 /* GuessWhoDataModel.swift in Sources */ = {isa = PBXBuildFile; fileRef = C119CBC829F804FE00648638 /* GuessWhoDataModel.swift */; };
		C11D6EE82A41E84B00F59E15 /* HowToPlayBaseView.swift in Sources */ = {isa = PBXBuildFile; fileRef = C11D6EE72A41E84B00F59E15 /* HowToPlayBaseView.swift */; };
		C14080302A17E7950091F861 /* CustomFont.otf in Resources */ = {isa = PBXBuildFile; fileRef = C140802F2A17E7950091F861 /* CustomFont.otf */; };
		C148D9DF2A21C35D005AB791 /* ImageCacheManager.swift in Sources */ = {isa = PBXBuildFile; fileRef = C148D9DE2A21C35D005AB791 /* ImageCacheManager.swift */; };
		C14F272C29FEA3E00007E7A6 /* NetworkService.swift in Sources */ = {isa = PBXBuildFile; fileRef = C14F272B29FEA3E00007E7A6 /* NetworkService.swift */; };
		C14F275E2A02C01B0007E7A6 /* ResultController.swift in Sources */ = {isa = PBXBuildFile; fileRef = C14F275D2A02C01B0007E7A6 /* ResultController.swift */; };
		C14F27642A0521490007E7A6 /* ResourceBuilder.swift in Sources */ = {isa = PBXBuildFile; fileRef = C14F27632A0521490007E7A6 /* ResourceBuilder.swift */; };
		C15AA81E2A67D2C100AF24F3 /* AgareeGames.xcdatamodeld in Sources */ = {isa = PBXBuildFile; fileRef = C15AA81C2A67D2C100AF24F3 /* AgareeGames.xcdatamodeld */; };
		C15AA81F2A67D2C100AF24F3 /* AgareeGames.xcdatamodeld in Sources */ = {isa = PBXBuildFile; fileRef = C15AA81C2A67D2C100AF24F3 /* AgareeGames.xcdatamodeld */; };
		C15AA84E2A6B8D2000AF24F3 /* GuessWhoEntitiy+CoreDataClass.swift in Sources */ = {isa = PBXBuildFile; fileRef = C15AA84C2A6B8D2000AF24F3 /* GuessWhoEntitiy+CoreDataClass.swift */; };
		C15AA84F2A6B8D2000AF24F3 /* GuessWhoEntitiy+CoreDataClass.swift in Sources */ = {isa = PBXBuildFile; fileRef = C15AA84C2A6B8D2000AF24F3 /* GuessWhoEntitiy+CoreDataClass.swift */; };
		C15AA8502A6B8D2000AF24F3 /* GuessWhoEntitiy+CoreDataProperties.swift in Sources */ = {isa = PBXBuildFile; fileRef = C15AA84D2A6B8D2000AF24F3 /* GuessWhoEntitiy+CoreDataProperties.swift */; };
		C15AA8512A6B8D2000AF24F3 /* GuessWhoEntitiy+CoreDataProperties.swift in Sources */ = {isa = PBXBuildFile; fileRef = C15AA84D2A6B8D2000AF24F3 /* GuessWhoEntitiy+CoreDataProperties.swift */; };
		C1649BF22A47D4260094D56D /* PreGameController.swift in Sources */ = {isa = PBXBuildFile; fileRef = 7E04C8E42A03342300357A0F /* PreGameController.swift */; };
		C1649BF42A47D4260094D56D /* Global.swift in Sources */ = {isa = PBXBuildFile; fileRef = 7E159D3429F89FD900C7E601 /* Global.swift */; };
		C1649BF52A47D4260094D56D /* GuessWhoView.swift in Sources */ = {isa = PBXBuildFile; fileRef = 7E20755A29F9FBE4000BFE61 /* GuessWhoView.swift */; };
		C1649BF62A47D4260094D56D /* GuessWhoController.swift in Sources */ = {isa = PBXBuildFile; fileRef = 7E159D3729F8A01900C7E601 /* GuessWhoController.swift */; };
		C1649BF72A47D4260094D56D /* ImageCacheManager.swift in Sources */ = {isa = PBXBuildFile; fileRef = C148D9DE2A21C35D005AB791 /* ImageCacheManager.swift */; };
		C1649BF92A47D4260094D56D /* ResultController.swift in Sources */ = {isa = PBXBuildFile; fileRef = C14F275D2A02C01B0007E7A6 /* ResultController.swift */; };
		C1649BFA2A47D4260094D56D /* Error.swift in Sources */ = {isa = PBXBuildFile; fileRef = 7E246FA62A1DB7A80068CF9E /* Error.swift */; };
		C1649BFB2A47D4260094D56D /* Reachability.swift in Sources */ = {isa = PBXBuildFile; fileRef = C176FECE2A1A5C8800C7EFE6 /* Reachability.swift */; };
		C1649BFD2A47D4260094D56D /* BaseView.swift in Sources */ = {isa = PBXBuildFile; fileRef = 7E3544AA2A13160E00B844E6 /* BaseView.swift */; };
		C1649BFE2A47D4260094D56D /* HowToPlayBaseView.swift in Sources */ = {isa = PBXBuildFile; fileRef = C11D6EE72A41E84B00F59E15 /* HowToPlayBaseView.swift */; };
		C1649BFF2A47D4260094D56D /* IntroView.swift in Sources */ = {isa = PBXBuildFile; fileRef = 7E20755C29F9FBF8000BFE61 /* IntroView.swift */; };
		C1649C002A47D4260094D56D /* ResourceBuilder.swift in Sources */ = {isa = PBXBuildFile; fileRef = C14F27632A0521490007E7A6 /* ResourceBuilder.swift */; };
		C1649C032A47D4260094D56D /* BaseNavigationController.swift in Sources */ = {isa = PBXBuildFile; fileRef = 7E04C8EB2A0342FE00357A0F /* BaseNavigationController.swift */; };
		C1649C052A47D4260094D56D /* AppDelegate.swift in Sources */ = {isa = PBXBuildFile; fileRef = C1FFE7AE29E30425009FFD0B /* AppDelegate.swift */; };
		C1649C072A47D4260094D56D /* PreGameView.swift in Sources */ = {isa = PBXBuildFile; fileRef = 7E04C8E62A033C4800357A0F /* PreGameView.swift */; };
		C1649C082A47D4260094D56D /* Extension.swift in Sources */ = {isa = PBXBuildFile; fileRef = 7E0A83802A01F8A30031B3E3 /* Extension.swift */; };
		C1649C092A47D4260094D56D /* GuessWhoPlayModel.swift in Sources */ = {isa = PBXBuildFile; fileRef = C176FED12A1A5FCB00C7EFE6 /* GuessWhoPlayModel.swift */; };
		C1649C0C2A47D4260094D56D /* MainView.swift in Sources */ = {isa = PBXBuildFile; fileRef = 7E125E7C2A00FF9D0044D881 /* MainView.swift */; };
		C1649C0D2A47D4260094D56D /* GuessWhoViewModel.swift in Sources */ = {isa = PBXBuildFile; fileRef = 7E159D3B29F8A0E400C7E601 /* GuessWhoViewModel.swift */; };
		C1649C0E2A47D4260094D56D /* AgareeDelegate.swift in Sources */ = {isa = PBXBuildFile; fileRef = 7E60DD6F2A307A6600A511E2 /* AgareeDelegate.swift */; };
		C1649C0F2A47D4260094D56D /* NetworkService.swift in Sources */ = {isa = PBXBuildFile; fileRef = C14F272B29FEA3E00007E7A6 /* NetworkService.swift */; };
		C1649C102A47D4260094D56D /* BaseController.swift in Sources */ = {isa = PBXBuildFile; fileRef = C119CBC629F8033300648638 /* BaseController.swift */; };
		C1649C112A47D4260094D56D /* SceneDelegate.swift in Sources */ = {isa = PBXBuildFile; fileRef = C1FFE7B029E30425009FFD0B /* SceneDelegate.swift */; };
		C1649C122A47D4260094D56D /* GameController.swift in Sources */ = {isa = PBXBuildFile; fileRef = 7E04C8E92A0342C800357A0F /* GameController.swift */; };
		C1649C132A47D4260094D56D /* GuessWhoDataModel.swift in Sources */ = {isa = PBXBuildFile; fileRef = C119CBC829F804FE00648638 /* GuessWhoDataModel.swift */; };
		C1649C142A47D4260094D56D /* GuessWhoHTPV.swift in Sources */ = {isa = PBXBuildFile; fileRef = 7E49954E2A0CAFD5006D95AC /* GuessWhoHTPV.swift */; };
		C1649C152A47D4260094D56D /* HttpBase.swift in Sources */ = {isa = PBXBuildFile; fileRef = C1FFE7D529E8607D009FFD0B /* HttpBase.swift */; };
		C1649C182A47D4260094D56D /* CustomFont.otf in Resources */ = {isa = PBXBuildFile; fileRef = C140802F2A17E7950091F861 /* CustomFont.otf */; };
		C1649C192A47D4260094D56D /* Assets.xcassets in Resources */ = {isa = PBXBuildFile; fileRef = C1FFE7B729E30425009FFD0B /* Assets.xcassets */; };
		C176FECF2A1A5C8800C7EFE6 /* Reachability.swift in Sources */ = {isa = PBXBuildFile; fileRef = C176FECE2A1A5C8800C7EFE6 /* Reachability.swift */; };
		C176FED22A1A5FCB00C7EFE6 /* GuessWhoPlayModel.swift in Sources */ = {isa = PBXBuildFile; fileRef = C176FED12A1A5FCB00C7EFE6 /* GuessWhoPlayModel.swift */; };
		C18BCD3D2AA321F200667A49 /* ResultViewModel.swift in Sources */ = {isa = PBXBuildFile; fileRef = C18BCD3C2AA321F200667A49 /* ResultViewModel.swift */; };
		C18BCD3E2AA321F200667A49 /* ResultViewModel.swift in Sources */ = {isa = PBXBuildFile; fileRef = C18BCD3C2AA321F200667A49 /* ResultViewModel.swift */; };
		C18BCD4C2AA47FC000667A49 /* BaseViewModel.swift in Sources */ = {isa = PBXBuildFile; fileRef = C18BCD4B2AA47FC000667A49 /* BaseViewModel.swift */; };
		C18BCD4D2AA47FC000667A49 /* BaseViewModel.swift in Sources */ = {isa = PBXBuildFile; fileRef = C18BCD4B2AA47FC000667A49 /* BaseViewModel.swift */; };
		C19683792A88F63C0098774F /* GameKinds.swift in Sources */ = {isa = PBXBuildFile; fileRef = C19683782A88F63C0098774F /* GameKinds.swift */; };
		C196837B2A88F6A60098774F /* PregameModel.swift in Sources */ = {isa = PBXBuildFile; fileRef = C196837A2A88F6A60098774F /* PregameModel.swift */; };
		C196837D2A88F6FB0098774F /* Networkable.swift in Sources */ = {isa = PBXBuildFile; fileRef = C196837C2A88F6FB0098774F /* Networkable.swift */; };
		C1A2F4942AF138C500AD3DB9 /* GameViewModel.swift in Sources */ = {isa = PBXBuildFile; fileRef = C1A2F4932AF138C500AD3DB9 /* GameViewModel.swift */; };
		C1A2F4952AF138C500AD3DB9 /* GameViewModel.swift in Sources */ = {isa = PBXBuildFile; fileRef = C1A2F4932AF138C500AD3DB9 /* GameViewModel.swift */; };
		C1A328DE2B088DC700CD09E2 /* STTEngineRX.swift in Sources */ = {isa = PBXBuildFile; fileRef = C1A328DD2B088DC700CD09E2 /* STTEngineRX.swift */; };
		C1A328DF2B088DC700CD09E2 /* STTEngineRX.swift in Sources */ = {isa = PBXBuildFile; fileRef = C1A328DD2B088DC700CD09E2 /* STTEngineRX.swift */; };
		C1A778B22A5D844600F08678 /* AuthManager.swift in Sources */ = {isa = PBXBuildFile; fileRef = 7E17BBA92A5D062E00D94230 /* AuthManager.swift */; };
		C1E439A42AAC2B0900BAB674 /* UIViewController+UIAlertController.swift in Sources */ = {isa = PBXBuildFile; fileRef = C1E439A32AAC2B0900BAB674 /* UIViewController+UIAlertController.swift */; };
		C1E439A52AAC2B0900BAB674 /* UIViewController+UIAlertController.swift in Sources */ = {isa = PBXBuildFile; fileRef = C1E439A32AAC2B0900BAB674 /* UIViewController+UIAlertController.swift */; };
		C1F4B7772AF93287009DCF35 /* Documentation.docc in Sources */ = {isa = PBXBuildFile; fileRef = C1F4B7762AF93287009DCF35 /* Documentation.docc */; };
		C1F4B7782AF93287009DCF35 /* Documentation.docc in Sources */ = {isa = PBXBuildFile; fileRef = C1F4B7762AF93287009DCF35 /* Documentation.docc */; };
		C1FFE7AF29E30425009FFD0B /* AppDelegate.swift in Sources */ = {isa = PBXBuildFile; fileRef = C1FFE7AE29E30425009FFD0B /* AppDelegate.swift */; };
		C1FFE7B129E30425009FFD0B /* SceneDelegate.swift in Sources */ = {isa = PBXBuildFile; fileRef = C1FFE7B029E30425009FFD0B /* SceneDelegate.swift */; };
		C1FFE7B829E30425009FFD0B /* Assets.xcassets in Resources */ = {isa = PBXBuildFile; fileRef = C1FFE7B729E30425009FFD0B /* Assets.xcassets */; };
		C1FFE7D629E8607D009FFD0B /* HttpBase.swift in Sources */ = {isa = PBXBuildFile; fileRef = C1FFE7D529E8607D009FFD0B /* HttpBase.swift */; };
/* End PBXBuildFile section */

/* Begin PBXFileReference section */
		05D798BDE62B35868E68CF2E /* Pods-AgareeGames_dis.debug.xcconfig */ = {isa = PBXFileReference; includeInIndex = 1; lastKnownFileType = text.xcconfig; name = "Pods-AgareeGames_dis.debug.xcconfig"; path = "Target Support Files/Pods-AgareeGames_dis/Pods-AgareeGames_dis.debug.xcconfig"; sourceTree = "<group>"; };
		4E2727175CEF35876600FF6B /* Pods-AgareeGames_dev.debug.xcconfig */ = {isa = PBXFileReference; includeInIndex = 1; lastKnownFileType = text.xcconfig; name = "Pods-AgareeGames_dev.debug.xcconfig"; path = "Target Support Files/Pods-AgareeGames_dev/Pods-AgareeGames_dev.debug.xcconfig"; sourceTree = "<group>"; };
		7E04C8E42A03342300357A0F /* PreGameController.swift */ = {isa = PBXFileReference; lastKnownFileType = sourcecode.swift; path = PreGameController.swift; sourceTree = "<group>"; };
		7E04C8E62A033C4800357A0F /* PreGameView.swift */ = {isa = PBXFileReference; lastKnownFileType = sourcecode.swift; path = PreGameView.swift; sourceTree = "<group>"; };
		7E04C8E92A0342C800357A0F /* GameController.swift */ = {isa = PBXFileReference; lastKnownFileType = sourcecode.swift; path = GameController.swift; sourceTree = "<group>"; };
		7E04C8EB2A0342FE00357A0F /* BaseNavigationController.swift */ = {isa = PBXFileReference; lastKnownFileType = sourcecode.swift; path = BaseNavigationController.swift; sourceTree = "<group>"; };
		7E0A83802A01F8A30031B3E3 /* Extension.swift */ = {isa = PBXFileReference; lastKnownFileType = sourcecode.swift; path = Extension.swift; sourceTree = "<group>"; };
		7E125E7C2A00FF9D0044D881 /* MainView.swift */ = {isa = PBXFileReference; lastKnownFileType = sourcecode.swift; path = MainView.swift; sourceTree = "<group>"; };
		7E159D3429F89FD900C7E601 /* Global.swift */ = {isa = PBXFileReference; lastKnownFileType = sourcecode.swift; path = Global.swift; sourceTree = "<group>"; };
		7E159D3729F8A01900C7E601 /* GuessWhoController.swift */ = {isa = PBXFileReference; lastKnownFileType = sourcecode.swift; path = GuessWhoController.swift; sourceTree = "<group>"; };
		7E159D3B29F8A0E400C7E601 /* GuessWhoViewModel.swift */ = {isa = PBXFileReference; lastKnownFileType = sourcecode.swift; name = GuessWhoViewModel.swift; path = RunnersHi/ViewModel/GuessWhoViewModel.swift; sourceTree = SOURCE_ROOT; };
		7E17BBA92A5D062E00D94230 /* AuthManager.swift */ = {isa = PBXFileReference; lastKnownFileType = sourcecode.swift; path = AuthManager.swift; sourceTree = "<group>"; };
		7E1837702AC277F9004B506D /* Scene.swift */ = {isa = PBXFileReference; lastKnownFileType = sourcecode.swift; path = Scene.swift; sourceTree = "<group>"; };
		7E20755A29F9FBE4000BFE61 /* GuessWhoView.swift */ = {isa = PBXFileReference; fileEncoding = 4; lastKnownFileType = sourcecode.swift; path = GuessWhoView.swift; sourceTree = "<group>"; };
		7E20755C29F9FBF8000BFE61 /* IntroView.swift */ = {isa = PBXFileReference; lastKnownFileType = sourcecode.swift; path = IntroView.swift; sourceTree = "<group>"; };
		7E246FA62A1DB7A80068CF9E /* Error.swift */ = {isa = PBXFileReference; lastKnownFileType = sourcecode.swift; path = Error.swift; sourceTree = "<group>"; };
		7E3544AA2A13160E00B844E6 /* BaseView.swift */ = {isa = PBXFileReference; lastKnownFileType = sourcecode.swift; path = BaseView.swift; sourceTree = "<group>"; };
		7E49954E2A0CAFD5006D95AC /* GuessWhoHTPV.swift */ = {isa = PBXFileReference; lastKnownFileType = sourcecode.swift; path = GuessWhoHTPV.swift; sourceTree = "<group>"; };
		7E4E1A5B2ACF884900AEBEE2 /* GameNavigationController.swift */ = {isa = PBXFileReference; lastKnownFileType = sourcecode.swift; path = GameNavigationController.swift; sourceTree = "<group>"; };
		7E60DD6F2A307A6600A511E2 /* AgareeDelegate.swift */ = {isa = PBXFileReference; lastKnownFileType = sourcecode.swift; path = AgareeDelegate.swift; sourceTree = "<group>"; };
		7E6BAC482B0599C900D04118 /* TimerManager.swift */ = {isa = PBXFileReference; lastKnownFileType = sourcecode.swift; path = TimerManager.swift; sourceTree = "<group>"; };
		7E7201742AFC6D7B00CF901D /* PreNavigationController.swift */ = {isa = PBXFileReference; lastKnownFileType = sourcecode.swift; path = PreNavigationController.swift; sourceTree = "<group>"; };
		7EE84D702B1D6B5000BA7E5C /* UILabel+Custom.swift */ = {isa = PBXFileReference; lastKnownFileType = sourcecode.swift; path = "UILabel+Custom.swift"; sourceTree = "<group>"; };
		9A77BD266F112D23180BE074 /* Pods_AgareeGames_dis.framework */ = {isa = PBXFileReference; explicitFileType = wrapper.framework; includeInIndex = 0; path = Pods_AgareeGames_dis.framework; sourceTree = BUILT_PRODUCTS_DIR; };
		A3E1B9A776BB89D8CCFC21D1 /* Pods-AgareeGames_dev.release.xcconfig */ = {isa = PBXFileReference; includeInIndex = 1; lastKnownFileType = text.xcconfig; name = "Pods-AgareeGames_dev.release.xcconfig"; path = "Target Support Files/Pods-AgareeGames_dev/Pods-AgareeGames_dev.release.xcconfig"; sourceTree = "<group>"; };
		C1013D5C2B1317A400AFE789 /* Playable.swift */ = {isa = PBXFileReference; lastKnownFileType = sourcecode.swift; path = Playable.swift; sourceTree = "<group>"; };
		C10362432AA6164400FC65CF /* Coordinator.swift */ = {isa = PBXFileReference; lastKnownFileType = sourcecode.swift; path = Coordinator.swift; sourceTree = "<group>"; };
		C108918E2A8739A30014A0EE /* ViewModelBindableType.swift */ = {isa = PBXFileReference; lastKnownFileType = sourcecode.swift; path = ViewModelBindableType.swift; sourceTree = "<group>"; };
		C10891912A8754750014A0EE /* PregameViewModel.swift */ = {isa = PBXFileReference; lastKnownFileType = sourcecode.swift; path = PregameViewModel.swift; sourceTree = "<group>"; };
		C119CBC629F8033300648638 /* BaseController.swift */ = {isa = PBXFileReference; lastKnownFileType = sourcecode.swift; name = BaseController.swift; path = RunnersHi/Controller/BaseCtr/BaseController.swift; sourceTree = SOURCE_ROOT; };
		C119CBC829F804FE00648638 /* GuessWhoDataModel.swift */ = {isa = PBXFileReference; lastKnownFileType = sourcecode.swift; name = GuessWhoDataModel.swift; path = RunnersHi/Entity/CoreData/GuessWhoDataModel.swift; sourceTree = SOURCE_ROOT; };
		C11D6EE72A41E84B00F59E15 /* HowToPlayBaseView.swift */ = {isa = PBXFileReference; lastKnownFileType = sourcecode.swift; path = HowToPlayBaseView.swift; sourceTree = "<group>"; };
		C140802F2A17E7950091F861 /* CustomFont.otf */ = {isa = PBXFileReference; lastKnownFileType = file; path = CustomFont.otf; sourceTree = "<group>"; };
		C1439BB32B178FD100821B73 /* ko */ = {isa = PBXFileReference; lastKnownFileType = text.plist.strings; name = ko; path = ko.lproj/Main.strings; sourceTree = "<group>"; };
		C1439BB42B178FD100821B73 /* ko */ = {isa = PBXFileReference; lastKnownFileType = text.plist.strings; name = ko; path = ko.lproj/LaunchScreen.strings; sourceTree = "<group>"; };
		C148D9DE2A21C35D005AB791 /* ImageCacheManager.swift */ = {isa = PBXFileReference; lastKnownFileType = sourcecode.swift; path = ImageCacheManager.swift; sourceTree = "<group>"; };
		C14F272B29FEA3E00007E7A6 /* NetworkService.swift */ = {isa = PBXFileReference; lastKnownFileType = sourcecode.swift; path = NetworkService.swift; sourceTree = "<group>"; };
		C14F275D2A02C01B0007E7A6 /* ResultController.swift */ = {isa = PBXFileReference; lastKnownFileType = sourcecode.swift; path = ResultController.swift; sourceTree = "<group>"; };
		C14F27632A0521490007E7A6 /* ResourceBuilder.swift */ = {isa = PBXFileReference; lastKnownFileType = sourcecode.swift; path = ResourceBuilder.swift; sourceTree = "<group>"; };
		C15AA81D2A67D2C100AF24F3 /* AgareeGames.xcdatamodel */ = {isa = PBXFileReference; lastKnownFileType = wrapper.xcdatamodel; path = AgareeGames.xcdatamodel; sourceTree = "<group>"; };
		C15AA84C2A6B8D2000AF24F3 /* GuessWhoEntitiy+CoreDataClass.swift */ = {isa = PBXFileReference; lastKnownFileType = sourcecode.swift; name = "GuessWhoEntitiy+CoreDataClass.swift"; path = "RunnersHi/Entity/CoreData/GuessWhoEntitiy+CoreDataClass.swift"; sourceTree = SOURCE_ROOT; };
		C15AA84D2A6B8D2000AF24F3 /* GuessWhoEntitiy+CoreDataProperties.swift */ = {isa = PBXFileReference; lastKnownFileType = sourcecode.swift; name = "GuessWhoEntitiy+CoreDataProperties.swift"; path = "RunnersHi/Entity/CoreData/GuessWhoEntitiy+CoreDataProperties.swift"; sourceTree = SOURCE_ROOT; };
		C1649C1D2A47D4260094D56D /* AgareeGames_dev.app */ = {isa = PBXFileReference; explicitFileType = wrapper.application; includeInIndex = 0; path = AgareeGames_dev.app; sourceTree = BUILT_PRODUCTS_DIR; };
		C1649C1E2A47D4260094D56D /* AgareeGames_dev.plist */ = {isa = PBXFileReference; lastKnownFileType = text.plist.xml; name = AgareeGames_dev.plist; path = /Users/hwangwonsang/Desktop/git/AgareeGames/AgareeGames_dev.plist; sourceTree = "<absolute>"; };
		C176FECE2A1A5C8800C7EFE6 /* Reachability.swift */ = {isa = PBXFileReference; lastKnownFileType = sourcecode.swift; path = Reachability.swift; sourceTree = "<group>"; };
		C176FED12A1A5FCB00C7EFE6 /* GuessWhoPlayModel.swift */ = {isa = PBXFileReference; lastKnownFileType = sourcecode.swift; path = GuessWhoPlayModel.swift; sourceTree = "<group>"; };
		C18BCD3C2AA321F200667A49 /* ResultViewModel.swift */ = {isa = PBXFileReference; lastKnownFileType = sourcecode.swift; path = ResultViewModel.swift; sourceTree = "<group>"; };
		C18BCD4B2AA47FC000667A49 /* BaseViewModel.swift */ = {isa = PBXFileReference; lastKnownFileType = sourcecode.swift; path = BaseViewModel.swift; sourceTree = "<group>"; };
		C19683782A88F63C0098774F /* GameKinds.swift */ = {isa = PBXFileReference; lastKnownFileType = sourcecode.swift; path = GameKinds.swift; sourceTree = "<group>"; };
		C196837A2A88F6A60098774F /* PregameModel.swift */ = {isa = PBXFileReference; lastKnownFileType = sourcecode.swift; path = PregameModel.swift; sourceTree = "<group>"; };
		C196837C2A88F6FB0098774F /* Networkable.swift */ = {isa = PBXFileReference; lastKnownFileType = sourcecode.swift; path = Networkable.swift; sourceTree = "<group>"; };
		C1A2F4932AF138C500AD3DB9 /* GameViewModel.swift */ = {isa = PBXFileReference; lastKnownFileType = sourcecode.swift; path = GameViewModel.swift; sourceTree = "<group>"; };
		C1A328DD2B088DC700CD09E2 /* STTEngineRX.swift */ = {isa = PBXFileReference; lastKnownFileType = sourcecode.swift; path = STTEngineRX.swift; sourceTree = "<group>"; };
		C1E439A32AAC2B0900BAB674 /* UIViewController+UIAlertController.swift */ = {isa = PBXFileReference; lastKnownFileType = sourcecode.swift; path = "UIViewController+UIAlertController.swift"; sourceTree = "<group>"; };
		C1F3E80B2A64344D0004619E /* Speech.framework */ = {isa = PBXFileReference; lastKnownFileType = wrapper.framework; name = Speech.framework; path = System/Library/Frameworks/Speech.framework; sourceTree = SDKROOT; };
		C1F4B7762AF93287009DCF35 /* Documentation.docc */ = {isa = PBXFileReference; lastKnownFileType = folder.documentationcatalog; path = Documentation.docc; sourceTree = "<group>"; };
		C1FFE7AB29E30425009FFD0B /* AgareeGames_dis.app */ = {isa = PBXFileReference; explicitFileType = wrapper.application; includeInIndex = 0; path = AgareeGames_dis.app; sourceTree = BUILT_PRODUCTS_DIR; };
		C1FFE7AE29E30425009FFD0B /* AppDelegate.swift */ = {isa = PBXFileReference; lastKnownFileType = sourcecode.swift; path = AppDelegate.swift; sourceTree = "<group>"; };
		C1FFE7B029E30425009FFD0B /* SceneDelegate.swift */ = {isa = PBXFileReference; lastKnownFileType = sourcecode.swift; path = SceneDelegate.swift; sourceTree = "<group>"; };
		C1FFE7B529E30425009FFD0B /* Base */ = {isa = PBXFileReference; lastKnownFileType = file.storyboard; name = Base; path = Base.lproj/Main.storyboard; sourceTree = "<group>"; };
		C1FFE7B729E30425009FFD0B /* Assets.xcassets */ = {isa = PBXFileReference; lastKnownFileType = folder.assetcatalog; path = Assets.xcassets; sourceTree = "<group>"; };
		C1FFE7BA29E30425009FFD0B /* Base */ = {isa = PBXFileReference; lastKnownFileType = file.storyboard; name = Base; path = Base.lproj/LaunchScreen.storyboard; sourceTree = "<group>"; };
		C1FFE7BC29E30425009FFD0B /* Info.plist */ = {isa = PBXFileReference; lastKnownFileType = text.plist.xml; path = Info.plist; sourceTree = "<group>"; };
		C1FFE7D529E8607D009FFD0B /* HttpBase.swift */ = {isa = PBXFileReference; lastKnownFileType = sourcecode.swift; path = HttpBase.swift; sourceTree = "<group>"; };
		EB66B56DDDC736785D25E32F /* Pods_AgareeGames_dev.framework */ = {isa = PBXFileReference; explicitFileType = wrapper.framework; includeInIndex = 0; path = Pods_AgareeGames_dev.framework; sourceTree = BUILT_PRODUCTS_DIR; };
		FFCEC155B60DEC431E1BC259 /* Pods-AgareeGames_dis.release.xcconfig */ = {isa = PBXFileReference; includeInIndex = 1; lastKnownFileType = text.xcconfig; name = "Pods-AgareeGames_dis.release.xcconfig"; path = "Target Support Files/Pods-AgareeGames_dis/Pods-AgareeGames_dis.release.xcconfig"; sourceTree = "<group>"; };
/* End PBXFileReference section */

/* Begin PBXFrameworksBuildPhase section */
		C1649C162A47D4260094D56D /* Frameworks */ = {
			isa = PBXFrameworksBuildPhase;
			buildActionMask = 2147483647;
			files = (
				7A5A82D9266CC6826E86D154 /* Pods_AgareeGames_dev.framework in Frameworks */,
			);
			runOnlyForDeploymentPostprocessing = 0;
		};
		C1FFE7A829E30425009FFD0B /* Frameworks */ = {
			isa = PBXFrameworksBuildPhase;
			buildActionMask = 2147483647;
			files = (
				70D2015C0EED94459CA6F7B1 /* Pods_AgareeGames_dis.framework in Frameworks */,
			);
			runOnlyForDeploymentPostprocessing = 0;
		};
/* End PBXFrameworksBuildPhase section */

/* Begin PBXGroup section */
		7E04C8E82A0342A900357A0F /* GameCtr */ = {
			isa = PBXGroup;
			children = (
				7E159D3729F8A01900C7E601 /* GuessWhoController.swift */,
			);
			path = GameCtr;
			sourceTree = "<group>";
		};
		7E159D3329F89FCF00C7E601 /* Global */ = {
			isa = PBXGroup;
			children = (
				7E159D3429F89FD900C7E601 /* Global.swift */,
			);
			path = Global;
			sourceTree = "<group>";
		};
		7E17BBA82A5D061300D94230 /* Auth */ = {
			isa = PBXGroup;
			children = (
				7E17BBA92A5D062E00D94230 /* AuthManager.swift */,
			);
			name = Auth;
			sourceTree = "<group>";
		};
		7E246FA52A1DB7A30068CF9E /* Error */ = {
			isa = PBXGroup;
			children = (
				7E246FA62A1DB7A80068CF9E /* Error.swift */,
			);
			path = Error;
			sourceTree = "<group>";
		};
		7E60DD712A307B1300A511E2 /* etc */ = {
			isa = PBXGroup;
			children = (
				C1FFE7BC29E30425009FFD0B /* Info.plist */,
				C1649C1E2A47D4260094D56D /* AgareeGames_dev.plist */,
				C1FFE7B429E30425009FFD0B /* Main.storyboard */,
				C1FFE7AE29E30425009FFD0B /* AppDelegate.swift */,
				C1FFE7B929E30425009FFD0B /* LaunchScreen.storyboard */,
				C1FFE7B029E30425009FFD0B /* SceneDelegate.swift */,
			);
			path = etc;
			sourceTree = "<group>";
		};
		7E6A37012A89C0FC00B7F0BC /* CoreData */ = {
			isa = PBXGroup;
			children = (
				C15AA84C2A6B8D2000AF24F3 /* GuessWhoEntitiy+CoreDataClass.swift */,
				C15AA84D2A6B8D2000AF24F3 /* GuessWhoEntitiy+CoreDataProperties.swift */,
				C119CBC829F804FE00648638 /* GuessWhoDataModel.swift */,
				C15AA81C2A67D2C100AF24F3 /* AgareeGames.xcdatamodeld */,
			);
			path = CoreData;
			sourceTree = "<group>";
		};
		7E6BAC472B0599BF00D04118 /* Timer */ = {
			isa = PBXGroup;
			children = (
				7E6BAC482B0599C900D04118 /* TimerManager.swift */,
			);
			path = Timer;
			sourceTree = "<group>";
		};
		7E85C6022A944FB000DE1132 /* Scene */ = {
			isa = PBXGroup;
			children = (
				7E1837702AC277F9004B506D /* Scene.swift */,
				C10362432AA6164400FC65CF /* Coordinator.swift */,
			);
			path = Scene;
			sourceTree = "<group>";
		};
		7EE819312ACE3BA7004CBA1B /* Navigation */ = {
			isa = PBXGroup;
			children = (
				7E04C8EB2A0342FE00357A0F /* BaseNavigationController.swift */,
				7E7201742AFC6D7B00CF901D /* PreNavigationController.swift */,
				7E4E1A5B2ACF884900AEBEE2 /* GameNavigationController.swift */,
			);
			path = Navigation;
			sourceTree = "<group>";
		};
		C1013D5B2B13179800AFE789 /* Protocol */ = {
			isa = PBXGroup;
			children = (
				C196837C2A88F6FB0098774F /* Networkable.swift */,
				C1013D5C2B1317A400AFE789 /* Playable.swift */,
			);
			path = Protocol;
			sourceTree = "<group>";
		};
		C119CBCC29F951AE00648638 /* SpeechToText */ = {
			isa = PBXGroup;
			children = (
				C1A328DD2B088DC700CD09E2 /* STTEngineRX.swift */,
			);
			path = SpeechToText;
			sourceTree = "<group>";
		};
		C11D6EE62A41E78800F59E15 /* HowToPlayViews */ = {
			isa = PBXGroup;
			children = (
				C11D6EE72A41E84B00F59E15 /* HowToPlayBaseView.swift */,
			);
			name = HowToPlayViews;
			sourceTree = "<group>";
		};
		C140802E2A17E7000091F861 /* Resource */ = {
			isa = PBXGroup;
			children = (
				C140802F2A17E7950091F861 /* CustomFont.otf */,
			);
			path = Resource;
			sourceTree = "<group>";
		};
		C148D9DC2A2095F7005AB791 /* BaseCtr */ = {
			isa = PBXGroup;
			children = (
				C119CBC629F8033300648638 /* BaseController.swift */,
				7E04C8E92A0342C800357A0F /* GameController.swift */,
			);
			path = BaseCtr;
			sourceTree = "<group>";
		};
		C148D9DD2A21C34E005AB791 /* Cache */ = {
			isa = PBXGroup;
			children = (
				C148D9DE2A21C35D005AB791 /* ImageCacheManager.swift */,
			);
			path = Cache;
			sourceTree = "<group>";
		};
		C14F272A29FEA3C60007E7A6 /* Services */ = {
			isa = PBXGroup;
			children = (
				C14F272B29FEA3E00007E7A6 /* NetworkService.swift */,
			);
			path = Services;
			sourceTree = "<group>";
		};
		C176FECD2A1A5C7800C7EFE6 /* Reachability */ = {
			isa = PBXGroup;
			children = (
				C176FECE2A1A5C8800C7EFE6 /* Reachability.swift */,
			);
			path = Reachability;
			sourceTree = "<group>";
		};
		C176FED02A1A5FA900C7EFE6 /* Model */ = {
			isa = PBXGroup;
			children = (
				C1013D5B2B13179800AFE789 /* Protocol */,
				C176FED12A1A5FCB00C7EFE6 /* GuessWhoPlayModel.swift */,
				C196837A2A88F6A60098774F /* PregameModel.swift */,
			);
			path = Model;
			sourceTree = "<group>";
		};
		C1F3E80A2A64344D0004619E /* Frameworks */ = {
			isa = PBXGroup;
			children = (
				C1F3E80B2A64344D0004619E /* Speech.framework */,
				EB66B56DDDC736785D25E32F /* Pods_AgareeGames_dev.framework */,
				9A77BD266F112D23180BE074 /* Pods_AgareeGames_dis.framework */,
			);
			name = Frameworks;
			sourceTree = "<group>";
		};
		C1FFE7A229E30424009FFD0B = {
			isa = PBXGroup;
			children = (
				C1FFE7AD29E30425009FFD0B /* RunnersHi */,
				C1FFE7AC29E30425009FFD0B /* Products */,
				C1F3E80A2A64344D0004619E /* Frameworks */,
				E935A82933C053B7122A45A5 /* Pods */,
			);
			sourceTree = "<group>";
		};
		C1FFE7AC29E30425009FFD0B /* Products */ = {
			isa = PBXGroup;
			children = (
				C1FFE7AB29E30425009FFD0B /* AgareeGames_dis.app */,
				C1649C1D2A47D4260094D56D /* AgareeGames_dev.app */,
			);
			name = Products;
			sourceTree = "<group>";
		};
		C1FFE7AD29E30425009FFD0B /* RunnersHi */ = {
			isa = PBXGroup;
			children = (
				7E85C6022A944FB000DE1132 /* Scene */,
				C176FED02A1A5FA900C7EFE6 /* Model */,
				C140802E2A17E7000091F861 /* Resource */,
				C14F272A29FEA3C60007E7A6 /* Services */,
				C1FFE7C829E30615009FFD0B /* Util */,
				C1FFE7C729E3060B009FFD0B /* Controller */,
				C1FFE7C629E305CC009FFD0B /* View */,
				C1FFE7C529E305C4009FFD0B /* ViewModel */,
				C1FFE7C429E305BC009FFD0B /* Entity */,
				7E60DD712A307B1300A511E2 /* etc */,
				C1FFE7B729E30425009FFD0B /* Assets.xcassets */,
				7E60DD6F2A307A6600A511E2 /* AgareeDelegate.swift */,
				C1F4B7762AF93287009DCF35 /* Documentation.docc */,
			);
			path = RunnersHi;
			sourceTree = "<group>";
		};
		C1FFE7C429E305BC009FFD0B /* Entity */ = {
			isa = PBXGroup;
			children = (
				C19683782A88F63C0098774F /* GameKinds.swift */,
				7E6A37012A89C0FC00B7F0BC /* CoreData */,
			);
			path = Entity;
			sourceTree = "<group>";
		};
		C1FFE7C529E305C4009FFD0B /* ViewModel */ = {
			isa = PBXGroup;
			children = (
				C108918E2A8739A30014A0EE /* ViewModelBindableType.swift */,
				C10891912A8754750014A0EE /* PregameViewModel.swift */,
				7E159D3B29F8A0E400C7E601 /* GuessWhoViewModel.swift */,
				C18BCD3C2AA321F200667A49 /* ResultViewModel.swift */,
				C18BCD4B2AA47FC000667A49 /* BaseViewModel.swift */,
				C1A2F4932AF138C500AD3DB9 /* GameViewModel.swift */,
			);
			path = ViewModel;
			sourceTree = "<group>";
		};
		C1FFE7C629E305CC009FFD0B /* View */ = {
			isa = PBXGroup;
			children = (
				C11D6EE62A41E78800F59E15 /* HowToPlayViews */,
				7E3544AA2A13160E00B844E6 /* BaseView.swift */,
				7E20755C29F9FBF8000BFE61 /* IntroView.swift */,
				7E125E7C2A00FF9D0044D881 /* MainView.swift */,
				7E20755A29F9FBE4000BFE61 /* GuessWhoView.swift */,
				7E04C8E62A033C4800357A0F /* PreGameView.swift */,
				7E49954E2A0CAFD5006D95AC /* GuessWhoHTPV.swift */,
			);
			path = View;
			sourceTree = "<group>";
		};
		C1FFE7C729E3060B009FFD0B /* Controller */ = {
			isa = PBXGroup;
			children = (
				7EE819312ACE3BA7004CBA1B /* Navigation */,
				7E04C8E42A03342300357A0F /* PreGameController.swift */,
				C148D9DC2A2095F7005AB791 /* BaseCtr */,
				7E04C8E82A0342A900357A0F /* GameCtr */,
				C14F275D2A02C01B0007E7A6 /* ResultController.swift */,
			);
			path = Controller;
			sourceTree = "<group>";
		};
		C1FFE7C829E30615009FFD0B /* Util */ = {
			isa = PBXGroup;
			children = (
				7E6BAC472B0599BF00D04118 /* Timer */,
				7E17BBA82A5D061300D94230 /* Auth */,
				C148D9DD2A21C34E005AB791 /* Cache */,
				7E246FA52A1DB7A30068CF9E /* Error */,
				C176FECD2A1A5C7800C7EFE6 /* Reachability */,
				C119CBCC29F951AE00648638 /* SpeechToText */,
				7E159D3329F89FCF00C7E601 /* Global */,
				C1FFE7D829E868B7009FFD0B /* Extension */,
				C1FFE7D729E868AD009FFD0B /* Http */,
			);
			path = Util;
			sourceTree = "<group>";
		};
		C1FFE7D729E868AD009FFD0B /* Http */ = {
			isa = PBXGroup;
			children = (
				C1FFE7D529E8607D009FFD0B /* HttpBase.swift */,
				C14F27632A0521490007E7A6 /* ResourceBuilder.swift */,
			);
			path = Http;
			sourceTree = "<group>";
		};
		C1FFE7D829E868B7009FFD0B /* Extension */ = {
			isa = PBXGroup;
			children = (
				7E0A83802A01F8A30031B3E3 /* Extension.swift */,
				C1E439A32AAC2B0900BAB674 /* UIViewController+UIAlertController.swift */,
				7EE84D702B1D6B5000BA7E5C /* UILabel+Custom.swift */,
			);
			name = Extension;
			path = ../Extension;
			sourceTree = "<group>";
		};
		E935A82933C053B7122A45A5 /* Pods */ = {
			isa = PBXGroup;
			children = (
				4E2727175CEF35876600FF6B /* Pods-AgareeGames_dev.debug.xcconfig */,
				A3E1B9A776BB89D8CCFC21D1 /* Pods-AgareeGames_dev.release.xcconfig */,
				05D798BDE62B35868E68CF2E /* Pods-AgareeGames_dis.debug.xcconfig */,
				FFCEC155B60DEC431E1BC259 /* Pods-AgareeGames_dis.release.xcconfig */,
			);
			path = Pods;
			sourceTree = "<group>";
		};
/* End PBXGroup section */

/* Begin PBXNativeTarget section */
		C1649BF02A47D4260094D56D /* AgareeGames_dev */ = {
			isa = PBXNativeTarget;
			buildConfigurationList = C1649C1A2A47D4260094D56D /* Build configuration list for PBXNativeTarget "AgareeGames_dev" */;
			buildPhases = (
				512C8C11F22A22EB70150B2F /* [CP] Check Pods Manifest.lock */,
				C1649BF12A47D4260094D56D /* Sources */,
				C1649C162A47D4260094D56D /* Frameworks */,
				C1649C172A47D4260094D56D /* Resources */,
				EDB8021A512F7A9F6F2F352C /* [CP] Embed Pods Frameworks */,
			);
			buildRules = (
			);
			dependencies = (
			);
			name = AgareeGames_dev;
			productName = RunnersHi;
			productReference = C1649C1D2A47D4260094D56D /* AgareeGames_dev.app */;
			productType = "com.apple.product-type.application";
		};
		C1FFE7AA29E30425009FFD0B /* AgareeGames_dis */ = {
			isa = PBXNativeTarget;
			buildConfigurationList = C1FFE7BF29E30425009FFD0B /* Build configuration list for PBXNativeTarget "AgareeGames_dis" */;
			buildPhases = (
				DF19A914B61CF7191D6918DB /* [CP] Check Pods Manifest.lock */,
				C1FFE7A729E30425009FFD0B /* Sources */,
				C1FFE7A829E30425009FFD0B /* Frameworks */,
				C1FFE7A929E30425009FFD0B /* Resources */,
				8846860C44B2FCF2D4FBE5E6 /* [CP] Embed Pods Frameworks */,
			);
			buildRules = (
			);
			dependencies = (
			);
			name = AgareeGames_dis;
			productName = RunnersHi;
			productReference = C1FFE7AB29E30425009FFD0B /* AgareeGames_dis.app */;
			productType = "com.apple.product-type.application";
		};
/* End PBXNativeTarget section */

/* Begin PBXProject section */
		C1FFE7A329E30424009FFD0B /* Project object */ = {
			isa = PBXProject;
			attributes = {
				BuildIndependentTargetsInParallel = 1;
				LastSwiftUpdateCheck = 1430;
				LastUpgradeCheck = 1430;
				TargetAttributes = {
					C1FFE7AA29E30425009FFD0B = {
						CreatedOnToolsVersion = 14.3;
					};
				};
			};
			buildConfigurationList = C1FFE7A629E30424009FFD0B /* Build configuration list for PBXProject "AgareeGames" */;
			compatibilityVersion = "Xcode 14.0";
			developmentRegion = ko;
			hasScannedForEncodings = 0;
			knownRegions = (
				Base,
				ko,
			);
			mainGroup = C1FFE7A229E30424009FFD0B;
			productRefGroup = C1FFE7AC29E30425009FFD0B /* Products */;
			projectDirPath = "";
			projectRoot = "";
			targets = (
				C1FFE7AA29E30425009FFD0B /* AgareeGames_dis */,
				C1649BF02A47D4260094D56D /* AgareeGames_dev */,
			);
		};
/* End PBXProject section */

/* Begin PBXResourcesBuildPhase section */
		C1649C172A47D4260094D56D /* Resources */ = {
			isa = PBXResourcesBuildPhase;
			buildActionMask = 2147483647;
			files = (
				C1649C182A47D4260094D56D /* CustomFont.otf in Resources */,
				C1649C192A47D4260094D56D /* Assets.xcassets in Resources */,
			);
			runOnlyForDeploymentPostprocessing = 0;
		};
		C1FFE7A929E30425009FFD0B /* Resources */ = {
			isa = PBXResourcesBuildPhase;
			buildActionMask = 2147483647;
			files = (
				C14080302A17E7950091F861 /* CustomFont.otf in Resources */,
				C1FFE7B829E30425009FFD0B /* Assets.xcassets in Resources */,
			);
			runOnlyForDeploymentPostprocessing = 0;
		};
/* End PBXResourcesBuildPhase section */

/* Begin PBXShellScriptBuildPhase section */
		512C8C11F22A22EB70150B2F /* [CP] Check Pods Manifest.lock */ = {
			isa = PBXShellScriptBuildPhase;
			buildActionMask = 2147483647;
			files = (
			);
			inputFileListPaths = (
			);
			inputPaths = (
				"${PODS_PODFILE_DIR_PATH}/Podfile.lock",
				"${PODS_ROOT}/Manifest.lock",
			);
			name = "[CP] Check Pods Manifest.lock";
			outputFileListPaths = (
			);
			outputPaths = (
				"$(DERIVED_FILE_DIR)/Pods-AgareeGames_dev-checkManifestLockResult.txt",
			);
			runOnlyForDeploymentPostprocessing = 0;
			shellPath = /bin/sh;
			shellScript = "diff \"${PODS_PODFILE_DIR_PATH}/Podfile.lock\" \"${PODS_ROOT}/Manifest.lock\" > /dev/null\nif [ $? != 0 ] ; then\n    # print error to STDERR\n    echo \"error: The sandbox is not in sync with the Podfile.lock. Run 'pod install' or update your CocoaPods installation.\" >&2\n    exit 1\nfi\n# This output is used by Xcode 'outputs' to avoid re-running this script phase.\necho \"SUCCESS\" > \"${SCRIPT_OUTPUT_FILE_0}\"\n";
			showEnvVarsInLog = 0;
		};
		8846860C44B2FCF2D4FBE5E6 /* [CP] Embed Pods Frameworks */ = {
			isa = PBXShellScriptBuildPhase;
			buildActionMask = 2147483647;
			files = (
			);
			inputFileListPaths = (
				"${PODS_ROOT}/Target Support Files/Pods-AgareeGames_dis/Pods-AgareeGames_dis-frameworks-${CONFIGURATION}-input-files.xcfilelist",
			);
			name = "[CP] Embed Pods Frameworks";
			outputFileListPaths = (
				"${PODS_ROOT}/Target Support Files/Pods-AgareeGames_dis/Pods-AgareeGames_dis-frameworks-${CONFIGURATION}-output-files.xcfilelist",
			);
			runOnlyForDeploymentPostprocessing = 0;
			shellPath = /bin/sh;
			shellScript = "\"${PODS_ROOT}/Target Support Files/Pods-AgareeGames_dis/Pods-AgareeGames_dis-frameworks.sh\"\n";
			showEnvVarsInLog = 0;
		};
		DF19A914B61CF7191D6918DB /* [CP] Check Pods Manifest.lock */ = {
			isa = PBXShellScriptBuildPhase;
			buildActionMask = 2147483647;
			files = (
			);
			inputFileListPaths = (
			);
			inputPaths = (
				"${PODS_PODFILE_DIR_PATH}/Podfile.lock",
				"${PODS_ROOT}/Manifest.lock",
			);
			name = "[CP] Check Pods Manifest.lock";
			outputFileListPaths = (
			);
			outputPaths = (
				"$(DERIVED_FILE_DIR)/Pods-AgareeGames_dis-checkManifestLockResult.txt",
			);
			runOnlyForDeploymentPostprocessing = 0;
			shellPath = /bin/sh;
			shellScript = "diff \"${PODS_PODFILE_DIR_PATH}/Podfile.lock\" \"${PODS_ROOT}/Manifest.lock\" > /dev/null\nif [ $? != 0 ] ; then\n    # print error to STDERR\n    echo \"error: The sandbox is not in sync with the Podfile.lock. Run 'pod install' or update your CocoaPods installation.\" >&2\n    exit 1\nfi\n# This output is used by Xcode 'outputs' to avoid re-running this script phase.\necho \"SUCCESS\" > \"${SCRIPT_OUTPUT_FILE_0}\"\n";
			showEnvVarsInLog = 0;
		};
		EDB8021A512F7A9F6F2F352C /* [CP] Embed Pods Frameworks */ = {
			isa = PBXShellScriptBuildPhase;
			buildActionMask = 2147483647;
			files = (
			);
			inputFileListPaths = (
				"${PODS_ROOT}/Target Support Files/Pods-AgareeGames_dev/Pods-AgareeGames_dev-frameworks-${CONFIGURATION}-input-files.xcfilelist",
			);
			name = "[CP] Embed Pods Frameworks";
			outputFileListPaths = (
				"${PODS_ROOT}/Target Support Files/Pods-AgareeGames_dev/Pods-AgareeGames_dev-frameworks-${CONFIGURATION}-output-files.xcfilelist",
			);
			runOnlyForDeploymentPostprocessing = 0;
			shellPath = /bin/sh;
			shellScript = "\"${PODS_ROOT}/Target Support Files/Pods-AgareeGames_dev/Pods-AgareeGames_dev-frameworks.sh\"\n";
			showEnvVarsInLog = 0;
		};
/* End PBXShellScriptBuildPhase section */

/* Begin PBXSourcesBuildPhase section */
		C1649BF12A47D4260094D56D /* Sources */ = {
			isa = PBXSourcesBuildPhase;
			buildActionMask = 2147483647;
			files = (
				7EE84D722B1D6B5000BA7E5C /* UILabel+Custom.swift in Sources */,
				C1649BF22A47D4260094D56D /* PreGameController.swift in Sources */,
				C15AA8512A6B8D2000AF24F3 /* GuessWhoEntitiy+CoreDataProperties.swift in Sources */,
				7E1837722AC277F9004B506D /* Scene.swift in Sources */,
				7E6A37022A89C8E000B7F0BC /* PregameModel.swift in Sources */,
				C1649BF42A47D4260094D56D /* Global.swift in Sources */,
				C1649BF52A47D4260094D56D /* GuessWhoView.swift in Sources */,
				C1649BF62A47D4260094D56D /* GuessWhoController.swift in Sources */,
				7E4E1A5D2ACF884900AEBEE2 /* GameNavigationController.swift in Sources */,
				C1E439A52AAC2B0900BAB674 /* UIViewController+UIAlertController.swift in Sources */,
				C1649BF72A47D4260094D56D /* ImageCacheManager.swift in Sources */,
				C1649BF92A47D4260094D56D /* ResultController.swift in Sources */,
				C1649BFA2A47D4260094D56D /* Error.swift in Sources */,
				C1649BFB2A47D4260094D56D /* Reachability.swift in Sources */,
				C1649BFD2A47D4260094D56D /* BaseView.swift in Sources */,
				C1649BFE2A47D4260094D56D /* HowToPlayBaseView.swift in Sources */,
				C1A328DF2B088DC700CD09E2 /* STTEngineRX.swift in Sources */,
				C1649BFF2A47D4260094D56D /* IntroView.swift in Sources */,
				C15AA81F2A67D2C100AF24F3 /* AgareeGames.xcdatamodeld in Sources */,
				C15AA84F2A6B8D2000AF24F3 /* GuessWhoEntitiy+CoreDataClass.swift in Sources */,
				C1649C002A47D4260094D56D /* ResourceBuilder.swift in Sources */,
				C1F4B7782AF93287009DCF35 /* Documentation.docc in Sources */,
				C1649C032A47D4260094D56D /* BaseNavigationController.swift in Sources */,
				7E6A36FF2A89B77900B7F0BC /* Networkable.swift in Sources */,
				C1649C052A47D4260094D56D /* AppDelegate.swift in Sources */,
				C1649C072A47D4260094D56D /* PreGameView.swift in Sources */,
				C1649C082A47D4260094D56D /* Extension.swift in Sources */,
				C1649C092A47D4260094D56D /* GuessWhoPlayModel.swift in Sources */,
				C1A2F4952AF138C500AD3DB9 /* GameViewModel.swift in Sources */,
				C18BCD4D2AA47FC000667A49 /* BaseViewModel.swift in Sources */,
				C18BCD3E2AA321F200667A49 /* ResultViewModel.swift in Sources */,
				7E11DBDE2AA6D44F007F4A29 /* Coordinator.swift in Sources */,
				7E6A37002A89B77C00B7F0BC /* GameKinds.swift in Sources */,
				C10891902A8739A30014A0EE /* ViewModelBindableType.swift in Sources */,
				C1649C0C2A47D4260094D56D /* MainView.swift in Sources */,
				C1649C0D2A47D4260094D56D /* GuessWhoViewModel.swift in Sources */,
				7E7201762AFC6D7B00CF901D /* PreNavigationController.swift in Sources */,
				C1649C0E2A47D4260094D56D /* AgareeDelegate.swift in Sources */,
				C1649C0F2A47D4260094D56D /* NetworkService.swift in Sources */,
				C1649C102A47D4260094D56D /* BaseController.swift in Sources */,
				C1649C112A47D4260094D56D /* SceneDelegate.swift in Sources */,
				C1649C122A47D4260094D56D /* GameController.swift in Sources */,
				C1649C132A47D4260094D56D /* GuessWhoDataModel.swift in Sources */,
				C10891932A8754750014A0EE /* PregameViewModel.swift in Sources */,
				C1A778B22A5D844600F08678 /* AuthManager.swift in Sources */,
				C1649C142A47D4260094D56D /* GuessWhoHTPV.swift in Sources */,
				7E6BAC4A2B0599C900D04118 /* TimerManager.swift in Sources */,
				C1649C152A47D4260094D56D /* HttpBase.swift in Sources */,
				C1013D5E2B1317D500AFE789 /* Playable.swift in Sources */,
			);
			runOnlyForDeploymentPostprocessing = 0;
		};
		C1FFE7A729E30425009FFD0B /* Sources */ = {
			isa = PBXSourcesBuildPhase;
			buildActionMask = 2147483647;
			files = (
				7EE84D712B1D6B5000BA7E5C /* UILabel+Custom.swift in Sources */,
				7E04C8E52A03342300357A0F /* PreGameController.swift in Sources */,
				C196837D2A88F6FB0098774F /* Networkable.swift in Sources */,
				7E1837712AC277F9004B506D /* Scene.swift in Sources */,
				C15AA8502A6B8D2000AF24F3 /* GuessWhoEntitiy+CoreDataProperties.swift in Sources */,
				7E159D3529F89FD900C7E601 /* Global.swift in Sources */,
				7E20755B29F9FBE4000BFE61 /* GuessWhoView.swift in Sources */,
				C196837B2A88F6A60098774F /* PregameModel.swift in Sources */,
				7E4E1A5C2ACF884900AEBEE2 /* GameNavigationController.swift in Sources */,
				C1E439A42AAC2B0900BAB674 /* UIViewController+UIAlertController.swift in Sources */,
				7E159D3829F8A01900C7E601 /* GuessWhoController.swift in Sources */,
				C148D9DF2A21C35D005AB791 /* ImageCacheManager.swift in Sources */,
				C14F275E2A02C01B0007E7A6 /* ResultController.swift in Sources */,
				7E246FA72A1DB7A80068CF9E /* Error.swift in Sources */,
				C176FECF2A1A5C8800C7EFE6 /* Reachability.swift in Sources */,
				7E3544AB2A13160E00B844E6 /* BaseView.swift in Sources */,
				C11D6EE82A41E84B00F59E15 /* HowToPlayBaseView.swift in Sources */,
				C1A328DE2B088DC700CD09E2 /* STTEngineRX.swift in Sources */,
				7E20755D29F9FBF8000BFE61 /* IntroView.swift in Sources */,
				C15AA81E2A67D2C100AF24F3 /* AgareeGames.xcdatamodeld in Sources */,
				C15AA84E2A6B8D2000AF24F3 /* GuessWhoEntitiy+CoreDataClass.swift in Sources */,
				C14F27642A0521490007E7A6 /* ResourceBuilder.swift in Sources */,
				C1F4B7772AF93287009DCF35 /* Documentation.docc in Sources */,
				7E04C8EC2A0342FE00357A0F /* BaseNavigationController.swift in Sources */,
				C19683792A88F63C0098774F /* GameKinds.swift in Sources */,
				C10362442AA6164400FC65CF /* Coordinator.swift in Sources */,
				C1FFE7AF29E30425009FFD0B /* AppDelegate.swift in Sources */,
				7E04C8E72A033C4800357A0F /* PreGameView.swift in Sources */,
				C1A2F4942AF138C500AD3DB9 /* GameViewModel.swift in Sources */,
				7E0A83812A01F8A30031B3E3 /* Extension.swift in Sources */,
				C18BCD4C2AA47FC000667A49 /* BaseViewModel.swift in Sources */,
				C18BCD3D2AA321F200667A49 /* ResultViewModel.swift in Sources */,
				C176FED22A1A5FCB00C7EFE6 /* GuessWhoPlayModel.swift in Sources */,
				C108918F2A8739A30014A0EE /* ViewModelBindableType.swift in Sources */,
				7E125E7D2A00FF9D0044D881 /* MainView.swift in Sources */,
				7E159D3C29F8A0E400C7E601 /* GuessWhoViewModel.swift in Sources */,
				7E7201752AFC6D7B00CF901D /* PreNavigationController.swift in Sources */,
				7E60DD702A307A6600A511E2 /* AgareeDelegate.swift in Sources */,
				C14F272C29FEA3E00007E7A6 /* NetworkService.swift in Sources */,
				7E17BBAA2A5D062E00D94230 /* AuthManager.swift in Sources */,
				C119CBC729F8033300648638 /* BaseController.swift in Sources */,
				C1FFE7B129E30425009FFD0B /* SceneDelegate.swift in Sources */,
				7E04C8EA2A0342C800357A0F /* GameController.swift in Sources */,
				C10891922A8754750014A0EE /* PregameViewModel.swift in Sources */,
				C119CBC929F804FE00648638 /* GuessWhoDataModel.swift in Sources */,
				7E49954F2A0CAFD5006D95AC /* GuessWhoHTPV.swift in Sources */,
				7E6BAC492B0599C900D04118 /* TimerManager.swift in Sources */,
				C1FFE7D629E8607D009FFD0B /* HttpBase.swift in Sources */,
				C1013D5D2B1317A400AFE789 /* Playable.swift in Sources */,
			);
			runOnlyForDeploymentPostprocessing = 0;
		};
/* End PBXSourcesBuildPhase section */

/* Begin PBXVariantGroup section */
		C1FFE7B429E30425009FFD0B /* Main.storyboard */ = {
			isa = PBXVariantGroup;
			children = (
				C1FFE7B529E30425009FFD0B /* Base */,
				C1439BB32B178FD100821B73 /* ko */,
			);
			name = Main.storyboard;
			sourceTree = "<group>";
		};
		C1FFE7B929E30425009FFD0B /* LaunchScreen.storyboard */ = {
			isa = PBXVariantGroup;
			children = (
				C1FFE7BA29E30425009FFD0B /* Base */,
				C1439BB42B178FD100821B73 /* ko */,
			);
			name = LaunchScreen.storyboard;
			sourceTree = "<group>";
		};
/* End PBXVariantGroup section */

/* Begin XCBuildConfiguration section */
		C1649C1B2A47D4260094D56D /* Debug */ = {
			isa = XCBuildConfiguration;
			baseConfigurationReference = 4E2727175CEF35876600FF6B /* Pods-AgareeGames_dev.debug.xcconfig */;
			buildSettings = {
				ASSETCATALOG_COMPILER_APPICON_NAME = AppIcon;
				ASSETCATALOG_COMPILER_GLOBAL_ACCENT_COLOR_NAME = AccentColor;
				CODE_SIGN_IDENTITY = "Apple Development";
				"CODE_SIGN_IDENTITY[sdk=iphoneos*]" = "iPhone Developer";
				CODE_SIGN_STYLE = Manual;
				CURRENT_PROJECT_VERSION = 2;
				DEBUG_INFORMATION_FORMAT = "dwarf-with-dsym";
				DEVELOPMENT_TEAM = "";
				"DEVELOPMENT_TEAM[sdk=iphoneos*]" = ZD5K45Y4NW;
				GENERATE_INFOPLIST_FILE = YES;
				INFOPLIST_FILE = AgareeGames_dev.plist;
				INFOPLIST_KEY_LSSupportsOpeningDocumentsInPlace = YES;
				INFOPLIST_KEY_NSMicrophoneUsageDescription = "\"테스트 입니다\"";
				INFOPLIST_KEY_NSSpeechRecognitionUsageDescription = "\"테스트 입니다\"";
				INFOPLIST_KEY_UIApplicationSupportsIndirectInputEvents = YES;
				INFOPLIST_KEY_UILaunchStoryboardName = LaunchScreen;
				INFOPLIST_KEY_UIMainStoryboardFile = "";
				INFOPLIST_KEY_UISupportedInterfaceOrientations = UIInterfaceOrientationPortrait;
				INFOPLIST_KEY_UISupportedInterfaceOrientations_iPad = "UIInterfaceOrientationLandscapeRight UIInterfaceOrientationPortrait";
				IPHONEOS_DEPLOYMENT_TARGET = 15.0;
				LD_RUNPATH_SEARCH_PATHS = (
					"$(inherited)",
					"@executable_path/Frameworks",
				);
				MARKETING_VERSION = 1.0.1;
				OTHER_SWIFT_FLAGS = "-D DEV";
				PRODUCT_BUNDLE_IDENTIFIER = com.wonsang.AgareeGames;
				PRODUCT_NAME = "$(TARGET_NAME)";
				PROVISIONING_PROFILE_SPECIFIER = "";
				"PROVISIONING_PROFILE_SPECIFIER[sdk=iphoneos*]" = AgareeGames_dev;
				SUPPORTED_PLATFORMS = "iphoneos iphonesimulator";
				SUPPORTS_MACCATALYST = NO;
				SUPPORTS_MAC_DESIGNED_FOR_IPHONE_IPAD = NO;
				SWIFT_EMIT_LOC_STRINGS = YES;
				SWIFT_VERSION = 5.0;
				TARGETED_DEVICE_FAMILY = 1;
			};
			name = Debug;
		};
		C1649C1C2A47D4260094D56D /* Release */ = {
			isa = XCBuildConfiguration;
			baseConfigurationReference = A3E1B9A776BB89D8CCFC21D1 /* Pods-AgareeGames_dev.release.xcconfig */;
			buildSettings = {
				ASSETCATALOG_COMPILER_APPICON_NAME = AppIcon;
				ASSETCATALOG_COMPILER_GLOBAL_ACCENT_COLOR_NAME = AccentColor;
				"CODE_SIGN_IDENTITY[sdk=iphoneos*]" = "iPhone Distribution";
				CODE_SIGN_STYLE = Manual;
				CURRENT_PROJECT_VERSION = 2;
				DEVELOPMENT_TEAM = "";
				"DEVELOPMENT_TEAM[sdk=iphoneos*]" = ZD5K45Y4NW;
				GENERATE_INFOPLIST_FILE = YES;
				INFOPLIST_FILE = AgareeGames_dev.plist;
				INFOPLIST_KEY_LSSupportsOpeningDocumentsInPlace = YES;
				INFOPLIST_KEY_NSMicrophoneUsageDescription = "\"테스트 입니다\"";
				INFOPLIST_KEY_NSSpeechRecognitionUsageDescription = "\"테스트 입니다\"";
				INFOPLIST_KEY_UIApplicationSupportsIndirectInputEvents = YES;
				INFOPLIST_KEY_UILaunchStoryboardName = LaunchScreen;
				INFOPLIST_KEY_UIMainStoryboardFile = "";
				INFOPLIST_KEY_UISupportedInterfaceOrientations = UIInterfaceOrientationPortrait;
				INFOPLIST_KEY_UISupportedInterfaceOrientations_iPad = "UIInterfaceOrientationLandscapeRight UIInterfaceOrientationPortrait";
				IPHONEOS_DEPLOYMENT_TARGET = 15.0;
				LD_RUNPATH_SEARCH_PATHS = (
					"$(inherited)",
					"@executable_path/Frameworks",
				);
				MARKETING_VERSION = 1.0.1;
				OTHER_SWIFT_FLAGS = "-D DEV";
				PRODUCT_BUNDLE_IDENTIFIER = com.wonsang.AgareeGames;
				PRODUCT_NAME = "$(TARGET_NAME)";
				PROVISIONING_PROFILE_SPECIFIER = "";
				"PROVISIONING_PROFILE_SPECIFIER[sdk=iphoneos*]" = AgareeGames_dist;
				SUPPORTED_PLATFORMS = "iphoneos iphonesimulator";
				SUPPORTS_MACCATALYST = NO;
				SUPPORTS_MAC_DESIGNED_FOR_IPHONE_IPAD = NO;
				SWIFT_EMIT_LOC_STRINGS = YES;
				SWIFT_VERSION = 5.0;
				TARGETED_DEVICE_FAMILY = 1;
			};
			name = Release;
		};
		C1FFE7BD29E30425009FFD0B /* Debug */ = {
			isa = XCBuildConfiguration;
			buildSettings = {
				ALWAYS_SEARCH_USER_PATHS = NO;
				CLANG_ANALYZER_LOCALIZABILITY_NONLOCALIZED = YES;
				CLANG_ANALYZER_NONNULL = YES;
				CLANG_ANALYZER_NUMBER_OBJECT_CONVERSION = YES_AGGRESSIVE;
				CLANG_CXX_LANGUAGE_STANDARD = "gnu++20";
				CLANG_ENABLE_MODULES = YES;
				CLANG_ENABLE_OBJC_ARC = YES;
				CLANG_ENABLE_OBJC_WEAK = YES;
				CLANG_WARN_BLOCK_CAPTURE_AUTORELEASING = YES;
				CLANG_WARN_BOOL_CONVERSION = YES;
				CLANG_WARN_COMMA = YES;
				CLANG_WARN_CONSTANT_CONVERSION = YES;
				CLANG_WARN_DEPRECATED_OBJC_IMPLEMENTATIONS = YES;
				CLANG_WARN_DIRECT_OBJC_ISA_USAGE = YES_ERROR;
				CLANG_WARN_DOCUMENTATION_COMMENTS = YES;
				CLANG_WARN_EMPTY_BODY = YES;
				CLANG_WARN_ENUM_CONVERSION = YES;
				CLANG_WARN_INFINITE_RECURSION = YES;
				CLANG_WARN_INT_CONVERSION = YES;
				CLANG_WARN_NON_LITERAL_NULL_CONVERSION = YES;
				CLANG_WARN_OBJC_IMPLICIT_RETAIN_SELF = YES;
				CLANG_WARN_OBJC_LITERAL_CONVERSION = YES;
				CLANG_WARN_OBJC_ROOT_CLASS = YES_ERROR;
				CLANG_WARN_QUOTED_INCLUDE_IN_FRAMEWORK_HEADER = YES;
				CLANG_WARN_RANGE_LOOP_ANALYSIS = YES;
				CLANG_WARN_STRICT_PROTOTYPES = YES;
				CLANG_WARN_SUSPICIOUS_MOVE = YES;
				CLANG_WARN_UNGUARDED_AVAILABILITY = YES_AGGRESSIVE;
				CLANG_WARN_UNREACHABLE_CODE = YES;
				CLANG_WARN__DUPLICATE_METHOD_MATCH = YES;
				COPY_PHASE_STRIP = NO;
				DEBUG_INFORMATION_FORMAT = dwarf;
				ENABLE_STRICT_OBJC_MSGSEND = YES;
				ENABLE_TESTABILITY = YES;
				GCC_C_LANGUAGE_STANDARD = gnu11;
				GCC_DYNAMIC_NO_PIC = NO;
				GCC_NO_COMMON_BLOCKS = YES;
				GCC_OPTIMIZATION_LEVEL = 0;
				GCC_PREPROCESSOR_DEFINITIONS = (
					"DEBUG=1",
					"$(inherited)",
				);
				GCC_WARN_64_TO_32_BIT_CONVERSION = YES;
				GCC_WARN_ABOUT_RETURN_TYPE = YES_ERROR;
				GCC_WARN_UNDECLARED_SELECTOR = YES;
				GCC_WARN_UNINITIALIZED_AUTOS = YES_AGGRESSIVE;
				GCC_WARN_UNUSED_FUNCTION = YES;
				GCC_WARN_UNUSED_VARIABLE = YES;
				IPHONEOS_DEPLOYMENT_TARGET = 15.0;
				MTL_ENABLE_DEBUG_INFO = INCLUDE_SOURCE;
				MTL_FAST_MATH = YES;
				ONLY_ACTIVE_ARCH = YES;
				SDKROOT = iphoneos;
				SWIFT_ACTIVE_COMPILATION_CONDITIONS = DEBUG;
				SWIFT_OPTIMIZATION_LEVEL = "-Onone";
			};
			name = Debug;
		};
		C1FFE7BE29E30425009FFD0B /* Release */ = {
			isa = XCBuildConfiguration;
			buildSettings = {
				ALWAYS_SEARCH_USER_PATHS = NO;
				CLANG_ANALYZER_LOCALIZABILITY_NONLOCALIZED = YES;
				CLANG_ANALYZER_NONNULL = YES;
				CLANG_ANALYZER_NUMBER_OBJECT_CONVERSION = YES_AGGRESSIVE;
				CLANG_CXX_LANGUAGE_STANDARD = "gnu++20";
				CLANG_ENABLE_MODULES = YES;
				CLANG_ENABLE_OBJC_ARC = YES;
				CLANG_ENABLE_OBJC_WEAK = YES;
				CLANG_WARN_BLOCK_CAPTURE_AUTORELEASING = YES;
				CLANG_WARN_BOOL_CONVERSION = YES;
				CLANG_WARN_COMMA = YES;
				CLANG_WARN_CONSTANT_CONVERSION = YES;
				CLANG_WARN_DEPRECATED_OBJC_IMPLEMENTATIONS = YES;
				CLANG_WARN_DIRECT_OBJC_ISA_USAGE = YES_ERROR;
				CLANG_WARN_DOCUMENTATION_COMMENTS = YES;
				CLANG_WARN_EMPTY_BODY = YES;
				CLANG_WARN_ENUM_CONVERSION = YES;
				CLANG_WARN_INFINITE_RECURSION = YES;
				CLANG_WARN_INT_CONVERSION = YES;
				CLANG_WARN_NON_LITERAL_NULL_CONVERSION = YES;
				CLANG_WARN_OBJC_IMPLICIT_RETAIN_SELF = YES;
				CLANG_WARN_OBJC_LITERAL_CONVERSION = YES;
				CLANG_WARN_OBJC_ROOT_CLASS = YES_ERROR;
				CLANG_WARN_QUOTED_INCLUDE_IN_FRAMEWORK_HEADER = YES;
				CLANG_WARN_RANGE_LOOP_ANALYSIS = YES;
				CLANG_WARN_STRICT_PROTOTYPES = YES;
				CLANG_WARN_SUSPICIOUS_MOVE = YES;
				CLANG_WARN_UNGUARDED_AVAILABILITY = YES_AGGRESSIVE;
				CLANG_WARN_UNREACHABLE_CODE = YES;
				CLANG_WARN__DUPLICATE_METHOD_MATCH = YES;
				COPY_PHASE_STRIP = NO;
				DEBUG_INFORMATION_FORMAT = "dwarf-with-dsym";
				ENABLE_NS_ASSERTIONS = NO;
				ENABLE_STRICT_OBJC_MSGSEND = YES;
				GCC_C_LANGUAGE_STANDARD = gnu11;
				GCC_NO_COMMON_BLOCKS = YES;
				GCC_WARN_64_TO_32_BIT_CONVERSION = YES;
				GCC_WARN_ABOUT_RETURN_TYPE = YES_ERROR;
				GCC_WARN_UNDECLARED_SELECTOR = YES;
				GCC_WARN_UNINITIALIZED_AUTOS = YES_AGGRESSIVE;
				GCC_WARN_UNUSED_FUNCTION = YES;
				GCC_WARN_UNUSED_VARIABLE = YES;
				IPHONEOS_DEPLOYMENT_TARGET = 15.0;
				MTL_ENABLE_DEBUG_INFO = NO;
				MTL_FAST_MATH = YES;
				SDKROOT = iphoneos;
				SWIFT_COMPILATION_MODE = wholemodule;
				SWIFT_OPTIMIZATION_LEVEL = "-O";
				VALIDATE_PRODUCT = YES;
			};
			name = Release;
		};
		C1FFE7C029E30425009FFD0B /* Debug */ = {
			isa = XCBuildConfiguration;
			baseConfigurationReference = 05D798BDE62B35868E68CF2E /* Pods-AgareeGames_dis.debug.xcconfig */;
			buildSettings = {
				ASSETCATALOG_COMPILER_APPICON_NAME = AppIcon;
				ASSETCATALOG_COMPILER_GLOBAL_ACCENT_COLOR_NAME = AccentColor;
				CODE_SIGN_IDENTITY = "Apple Development";
				"CODE_SIGN_IDENTITY[sdk=iphoneos*]" = "iPhone Distribution";
				CODE_SIGN_STYLE = Manual;
				CURRENT_PROJECT_VERSION = 2;
				DEBUG_INFORMATION_FORMAT = "dwarf-with-dsym";
				DEVELOPMENT_TEAM = "";
				"DEVELOPMENT_TEAM[sdk=iphoneos*]" = ZD5K45Y4NW;
				GENERATE_INFOPLIST_FILE = YES;
				INFOPLIST_FILE = RunnersHi/Info.plist;
				INFOPLIST_KEY_LSSupportsOpeningDocumentsInPlace = YES;
				INFOPLIST_KEY_NSMicrophoneUsageDescription = "게임진행을 위해 마이크를 사용합니다.";
				INFOPLIST_KEY_NSSpeechRecognitionUsageDescription = "게임진행을 위해 마이크를 사용합니다.";
				INFOPLIST_KEY_UIApplicationSupportsIndirectInputEvents = YES;
				INFOPLIST_KEY_UILaunchStoryboardName = LaunchScreen;
				INFOPLIST_KEY_UIMainStoryboardFile = "";
				INFOPLIST_KEY_UISupportedInterfaceOrientations = UIInterfaceOrientationPortrait;
				INFOPLIST_KEY_UISupportedInterfaceOrientations_iPad = "UIInterfaceOrientationLandscapeRight UIInterfaceOrientationPortrait";
				IPHONEOS_DEPLOYMENT_TARGET = 15.0;
				LD_RUNPATH_SEARCH_PATHS = (
					"$(inherited)",
					"@executable_path/Frameworks",
				);
				MARKETING_VERSION = 1.0.1;
				PRODUCT_BUNDLE_IDENTIFIER = com.wonsang.AgareeGames;
				PRODUCT_NAME = "$(TARGET_NAME)";
				PROVISIONING_PROFILE_SPECIFIER = "";
				"PROVISIONING_PROFILE_SPECIFIER[sdk=iphoneos*]" = AgareeGames_dist;
				SUPPORTED_PLATFORMS = "iphoneos iphonesimulator";
				SUPPORTS_MACCATALYST = NO;
				SUPPORTS_MAC_DESIGNED_FOR_IPHONE_IPAD = NO;
				SWIFT_EMIT_LOC_STRINGS = YES;
				SWIFT_VERSION = 5.0;
				TARGETED_DEVICE_FAMILY = 1;
			};
			name = Debug;
		};
		C1FFE7C129E30425009FFD0B /* Release */ = {
			isa = XCBuildConfiguration;
			baseConfigurationReference = FFCEC155B60DEC431E1BC259 /* Pods-AgareeGames_dis.release.xcconfig */;
			buildSettings = {
				ASSETCATALOG_COMPILER_APPICON_NAME = AppIcon;
				ASSETCATALOG_COMPILER_GLOBAL_ACCENT_COLOR_NAME = AccentColor;
				"CODE_SIGN_IDENTITY[sdk=iphoneos*]" = "iPhone Distribution";
				CODE_SIGN_STYLE = Manual;
				CURRENT_PROJECT_VERSION = 2;
				DEVELOPMENT_TEAM = "";
				"DEVELOPMENT_TEAM[sdk=iphoneos*]" = ZD5K45Y4NW;
				GENERATE_INFOPLIST_FILE = YES;
				INFOPLIST_FILE = RunnersHi/Info.plist;
				INFOPLIST_KEY_LSSupportsOpeningDocumentsInPlace = YES;
				INFOPLIST_KEY_NSMicrophoneUsageDescription = "게임진행을 위해 마이크를 사용합니다.";
				INFOPLIST_KEY_NSSpeechRecognitionUsageDescription = "게임진행을 위해 마이크를 사용합니다.";
				INFOPLIST_KEY_UIApplicationSupportsIndirectInputEvents = YES;
				INFOPLIST_KEY_UILaunchStoryboardName = LaunchScreen;
				INFOPLIST_KEY_UIMainStoryboardFile = "";
				INFOPLIST_KEY_UISupportedInterfaceOrientations = UIInterfaceOrientationPortrait;
				INFOPLIST_KEY_UISupportedInterfaceOrientations_iPad = "UIInterfaceOrientationLandscapeRight UIInterfaceOrientationPortrait";
				IPHONEOS_DEPLOYMENT_TARGET = 15.0;
				LD_RUNPATH_SEARCH_PATHS = (
					"$(inherited)",
					"@executable_path/Frameworks",
				);
				MARKETING_VERSION = 1.0.1;
				PRODUCT_BUNDLE_IDENTIFIER = com.wonsang.AgareeGames;
				PRODUCT_NAME = "$(TARGET_NAME)";
				PROVISIONING_PROFILE_SPECIFIER = "";
				"PROVISIONING_PROFILE_SPECIFIER[sdk=iphoneos*]" = AgareeGames_dist;
				SUPPORTED_PLATFORMS = "iphoneos iphonesimulator";
				SUPPORTS_MACCATALYST = NO;
				SUPPORTS_MAC_DESIGNED_FOR_IPHONE_IPAD = NO;
				SWIFT_EMIT_LOC_STRINGS = YES;
				SWIFT_VERSION = 5.0;
				TARGETED_DEVICE_FAMILY = 1;
			};
			name = Release;
		};
/* End XCBuildConfiguration section */

/* Begin XCConfigurationList section */
		C1649C1A2A47D4260094D56D /* Build configuration list for PBXNativeTarget "AgareeGames_dev" */ = {
			isa = XCConfigurationList;
			buildConfigurations = (
				C1649C1B2A47D4260094D56D /* Debug */,
				C1649C1C2A47D4260094D56D /* Release */,
			);
			defaultConfigurationIsVisible = 0;
			defaultConfigurationName = Release;
		};
		C1FFE7A629E30424009FFD0B /* Build configuration list for PBXProject "AgareeGames" */ = {
			isa = XCConfigurationList;
			buildConfigurations = (
				C1FFE7BD29E30425009FFD0B /* Debug */,
				C1FFE7BE29E30425009FFD0B /* Release */,
			);
			defaultConfigurationIsVisible = 0;
			defaultConfigurationName = Release;
		};
		C1FFE7BF29E30425009FFD0B /* Build configuration list for PBXNativeTarget "AgareeGames_dis" */ = {
			isa = XCConfigurationList;
			buildConfigurations = (
				C1FFE7C029E30425009FFD0B /* Debug */,
				C1FFE7C129E30425009FFD0B /* Release */,
			);
			defaultConfigurationIsVisible = 0;
			defaultConfigurationName = Release;
		};
/* End XCConfigurationList section */

/* Begin XCVersionGroup section */
		C15AA81C2A67D2C100AF24F3 /* AgareeGames.xcdatamodeld */ = {
			isa = XCVersionGroup;
			children = (
				C15AA81D2A67D2C100AF24F3 /* AgareeGames.xcdatamodel */,
			);
			currentVersion = C15AA81D2A67D2C100AF24F3 /* AgareeGames.xcdatamodel */;
			path = AgareeGames.xcdatamodeld;
			sourceTree = "<group>";
			versionGroupType = wrapper.xcdatamodel;
		};
/* End XCVersionGroup section */
	};
	rootObject = C1FFE7A329E30424009FFD0B /* Project object */;
}
